
Microsoft Visual Studio Solution File, Format Version 12.00
# Visual Studio Version 17
VisualStudioVersion = 17.2.32630.192
MinimumVisualStudioVersion = 10.0.40219.1
Project("{8BC9CEB8-8B4A-11D0-8D11-00A0C91BC942}") = "IPR2", "IPR2.vcxproj", "{B5EAC7AA-20D7-43A4-BDE4-070C01697BC4}"
EndProject
Project("{8BC9CEB8-8B4A-11D0-8D11-00A0C91BC942}") = "UnitTests", "UnitTests\UnitTests.vcxproj", "{7E417669-8EA0-4E8D-B815-A573EAEA63DC}"
EndProject
Global
	GlobalSection(SolutionConfigurationPlatforms) = preSolution
		Debug|x64 = Debug|x64
		Debug|x86 = Debug|x86
		Release|x64 = Release|x64
		Release|x86 = Release|x86
	EndGlobalSection
	GlobalSection(ProjectConfigurationPlatforms) = postSolution
		{B5EAC7AA-20D7-43A4-BDE4-070C01697BC4}.Debug|x64.ActiveCfg = Debug|x64
		{B5EAC7AA-20D7-43A4-BDE4-070C01697BC4}.Debug|x64.Build.0 = Debug|x64
		{B5EAC7AA-20D7-43A4-BDE4-070C01697BC4}.Debug|x86.ActiveCfg = Debug|Win32
		{B5EAC7AA-20D7-43A4-BDE4-070C01697BC4}.Debug|x86.Build.0 = Debug|Win32
		{B5EAC7AA-20D7-43A4-BDE4-070C01697BC4}.Release|x64.ActiveCfg = Release|x64
		{B5EAC7AA-20D7-43A4-BDE4-070C01697BC4}.Release|x64.Build.0 = Release|x64
		{B5EAC7AA-20D7-43A4-BDE4-070C01697BC4}.Release|x86.ActiveCfg = Release|Win32
		{B5EAC7AA-20D7-43A4-BDE4-070C01697BC4}.Release|x86.Build.0 = Release|Win32
		{7E417669-8EA0-4E8D-B815-A573EAEA63DC}.Debug|x64.ActiveCfg = Debug|x64
		{7E417669-8EA0-4E8D-B815-A573EAEA63DC}.Debug|x64.Build.0 = Debug|x64
		{7E417669-8EA0-4E8D-B815-A573EAEA63DC}.Debug|x86.ActiveCfg = Debug|Win32
		{7E417669-8EA0-4E8D-B815-A573EAEA63DC}.Debug|x86.Build.0 = Debug|Win32
		{7E417669-8EA0-4E8D-B815-A573EAEA63DC}.Release|x64.ActiveCfg = Release|x64
		{7E417669-8EA0-4E8D-B815-A573EAEA63DC}.Release|x64.Build.0 = Release|x64
		{7E417669-8EA0-4E8D-B815-A573EAEA63DC}.Release|x86.ActiveCfg = Release|Win32
		{7E417669-8EA0-4E8D-B815-A573EAEA63DC}.Release|x86.Build.0 = Release|Win32
	EndGlobalSection
	GlobalSection(SolutionProperties) = preSolution
		HideSolutionNode = FALSE
	EndGlobalSection
	GlobalSection(ExtensibilityGlobals) = postSolution
		SolutionGuid = {BDA3F6D1-C557-4639-BD87-4C293149AB0C}
	EndGlobalSection
EndGlobal
